
Microsoft Visual Studio Solution File, Format Version 12.00
Project("{FAE04EC0-301F-11D3-BF4B-00C04F79EFBC}") = "ECSDemo.Main", "ECSDemo.Main\ECSDemo.Main.csproj", "{CD8BE3B4-92F5-4D43-BCD4-D150FECB9D7A}"
EndProject
Global
	GlobalSection(SolutionConfigurationPlatforms) = preSolution
		Debug|Any CPU = Debug|Any CPU
		Release|Any CPU = Release|Any CPU
	EndGlobalSection
	GlobalSection(ProjectConfigurationPlatforms) = postSolution
		{CD8BE3B4-92F5-4D43-BCD4-D150FECB9D7A}.Debug|Any CPU.ActiveCfg = Debug|Any CPU
		{CD8BE3B4-92F5-4D43-BCD4-D150FECB9D7A}.Debug|Any CPU.Build.0 = Debug|Any CPU
		{CD8BE3B4-92F5-4D43-BCD4-D150FECB9D7A}.Release|Any CPU.ActiveCfg = Release|Any CPU
		{CD8BE3B4-92F5-4D43-BCD4-D150FECB9D7A}.Release|Any CPU.Build.0 = Release|Any CPU
	EndGlobalSection
EndGlobal
